alembic==1.16.5
altair==5.5.0
annotated-types==0.7.0
attrs==25.3.0
bertopic==0.17.3
blinker==1.9.0
blis==0.7.11
cachetools==6.2.0
catalogue==2.0.10
certifi==2025.8.3
charset-normalizer==3.4.3
click==8.3.0
cloudpathlib==0.22.0
colorama==0.4.6
colorlog==6.9.0
confection==0.1.5
contourpy==1.3.2
cycler==0.12.1
cymem==2.0.11
DAWG-Python==0.7.2
DAWG2-Python==0.9.0
docopt==0.6.2
en-core-web-sm @ https://github.com/explosion/spacy-models/releases/download/en_core_web_sm-3.5.0/en_core_web_sm-3.5.0-py3-none-any.whl#sha256=0964370218b7e1672a30ac50d72cdc6b16f7c867496f1d60925691188f4d2510
et_xmlfile @ file:///C:/b/abs_b0ifp_j3js/croot/et_xmlfile_1756462499666/work
filelock==3.13.1
fonttools==4.60.0
fsspec==2024.6.1
gensim==4.3.3
gitdb==4.0.12
GitPython==3.1.45
greenlet==3.2.4
hdbscan==0.8.40
huggingface-hub==0.35.1
idna==3.10
jieba==0.42.1
Jinja2==3.1.6
joblib==1.5.2
jsonschema==4.25.1
jsonschema-specifications==2025.9.1
keybert==0.9.0
kiwisolver==1.4.9
langcodes==3.5.0
langdetect==1.0.9
language_data==1.3.0
llvmlite==0.45.0
Mako==1.3.10
marisa-trie==1.3.1
markdown-it-py==4.0.0
MarkupSafe==3.0.3
matplotlib==3.10.6
mdurl==0.1.2
mpmath==1.3.0
murmurhash==1.0.13
narwhals==2.6.0
networkx==3.3
numba==0.62.0
numpy==1.24.4
openpyxl @ file:///C:/b/abs_6cdczthntz/croot/openpyxl_1736371239628/work
optuna==4.5.0
packaging==25.0
pandas==2.3.2
pathlib_abc==0.1.1
pathy==0.11.0
pillow==11.0.0
plotly==6.3.0
preshed==3.0.10
protobuf==6.32.1
pyarrow==21.0.0
pydantic==1.10.24
pydantic_core==2.33.2
pydeck==0.9.1
Pygments==2.19.2
pymorphy2==0.9.1
pymorphy2-dicts-ru==2.4.417127.4579844
pymorphy3==2.0.4
pymorphy3-dicts-ru==2.4.417150.4580142
pynndescent==0.5.13
pyparsing==3.2.5
python-dateutil==2.9.0.post0
pytz==2025.2
PyYAML==6.0.3
referencing==0.36.2
regex==2025.9.18
requests==2.32.5
rich==14.1.0
rpds-py==0.27.1
ru-core-news-sm @ https://github.com/explosion/spacy-models/releases/download/ru_core_news_sm-3.5.0/ru_core_news_sm-3.5.0-py3-none-any.whl#sha256=bedf427ab4f522137822d52c50ebdf9edeef31fdb808ed4776ce1596aa789704
safetensors==0.6.2
scikit-learn==1.7.2
scipy==1.10.1
seaborn==0.13.2
sentence-transformers==5.1.1
shellingham==1.5.4
six==1.17.0
smart-open==6.4.0
smmap==5.0.2
spacy==3.5.3
spacy-legacy==3.0.12
spacy-loggers==1.0.5
spacy-pkuseg==0.0.33
SQLAlchemy==2.0.43
srsly==2.5.1
sympy==1.13.3
tenacity==9.1.2
thinc==8.1.12
threadpoolctl==3.6.0
tokenizers==0.22.1
toml==0.10.2
tomli==2.2.1
torch==2.8.0+cpu
torchvision==0.23.0+cpu
tornado==6.5.2
tqdm==4.67.1
transformers==4.56.2
typer==0.7.0
typing-inspection==0.4.1
typing_extensions==4.15.0
tzdata==2025.2
umap-learn==0.5.9.post2
urllib3==2.5.0
wasabi==1.1.3
watchdog==6.0.0
weasel==0.4.1
wrapt==1.17.3
zh-core-web-sm @ https://github.com/explosion/spacy-models/releases/download/zh_core_web_sm-3.5.0/zh_core_web_sm-3.5.0-py3-none-any.whl#sha256=50ec664cef64a095dd9ec7b9a1dba76814db10d72e4024249f9105ace8cb5ffa
openpyxl==3.1.5
